
Microsoft Visual Studio Solution File, Format Version 12.00
# Visual Studio Version 17
VisualStudioVersion = 17.1.32210.238
MinimumVisualStudioVersion = 10.0.40219.1
Project("{FAE04EC0-301F-11D3-BF4B-00C04F79EFBC}") = "GymBuddies", "GymBuddies\GymBuddies.csproj", "{82246D77-1843-4876-83DB-0CEFA18F40B0}"
EndProject
Global
	GlobalSection(SolutionConfigurationPlatforms) = preSolution
		Debug|Any CPU = Debug|Any CPU
		Release|Any CPU = Release|Any CPU
	EndGlobalSection
	GlobalSection(ProjectConfigurationPlatforms) = postSolution
		{82246D77-1843-4876-83DB-0CEFA18F40B0}.Debug|Any CPU.ActiveCfg = Debug|Any CPU
		{82246D77-1843-4876-83DB-0CEFA18F40B0}.Debug|Any CPU.Build.0 = Debug|Any CPU
		{82246D77-1843-4876-83DB-0CEFA18F40B0}.Release|Any CPU.ActiveCfg = Release|Any CPU
		{82246D77-1843-4876-83DB-0CEFA18F40B0}.Release|Any CPU.Build.0 = Release|Any CPU
	EndGlobalSection
	GlobalSection(SolutionProperties) = preSolution
		HideSolutionNode = FALSE
	EndGlobalSection
	GlobalSection(ExtensibilityGlobals) = postSolution
		SolutionGuid = {32D6FFB3-668C-406E-BFD0-792B2FFC5DC5}
	EndGlobalSection
EndGlobal
